
Microsoft Visual Studio Solution File, Format Version 12.00
# Visual Studio Version 16
VisualStudioVersion = 16.0.31129.286
MinimumVisualStudioVersion = 10.0.40219.1
Project("{FAE04EC0-301F-11D3-BF4B-00C04F79EFBC}") = "Ex03.GarageLogic", "Ex03.GarageLogic\Ex03.GarageLogic.csproj", "{1EE277ED-DCB3-45E6-BE69-0BAD97634C9F}"
EndProject
Project("{FAE04EC0-301F-11D3-BF4B-00C04F79EFBC}") = "Ex03.ConsoleUI", "Ex03.ConsoleUI\Ex03.ConsoleUI.csproj", "{ABDD8AD6-2335-4D18-80D8-A3E0A0D3F004}"
EndProject
Global
	GlobalSection(SolutionConfigurationPlatforms) = preSolution
		Debug|Any CPU = Debug|Any CPU
		Release|Any CPU = Release|Any CPU
	EndGlobalSection
	GlobalSection(ProjectConfigurationPlatforms) = postSolution
		{1EE277ED-DCB3-45E6-BE69-0BAD97634C9F}.Debug|Any CPU.ActiveCfg = Debug|Any CPU
		{1EE277ED-DCB3-45E6-BE69-0BAD97634C9F}.Debug|Any CPU.Build.0 = Debug|Any CPU
		{1EE277ED-DCB3-45E6-BE69-0BAD97634C9F}.Release|Any CPU.ActiveCfg = Release|Any CPU
		{1EE277ED-DCB3-45E6-BE69-0BAD97634C9F}.Release|Any CPU.Build.0 = Release|Any CPU
		{ABDD8AD6-2335-4D18-80D8-A3E0A0D3F004}.Debug|Any CPU.ActiveCfg = Debug|Any CPU
		{ABDD8AD6-2335-4D18-80D8-A3E0A0D3F004}.Debug|Any CPU.Build.0 = Debug|Any CPU
		{ABDD8AD6-2335-4D18-80D8-A3E0A0D3F004}.Release|Any CPU.ActiveCfg = Release|Any CPU
		{ABDD8AD6-2335-4D18-80D8-A3E0A0D3F004}.Release|Any CPU.Build.0 = Release|Any CPU
	EndGlobalSection
	GlobalSection(SolutionProperties) = preSolution
		HideSolutionNode = FALSE
	EndGlobalSection
	GlobalSection(ExtensibilityGlobals) = postSolution
		SolutionGuid = {3E7878B2-6825-4CB6-A1E1-74D7EDEA79B0}
	EndGlobalSection
EndGlobal
